
Microsoft Visual Studio Solution File, Format Version 12.00
# Visual Studio Version 16
VisualStudioVersion = 16.0.29102.190
MinimumVisualStudioVersion = 10.0.40219.1
Project("{FAE04EC0-301F-11D3-BF4B-00C04F79EFBC}") = "TripTracker.BackService", "TripTracker.BackService\TripTracker.BackService.csproj", "{90D0893B-BB8B-48C8-A0D7-E9F1833F9F19}"
EndProject
Global
	GlobalSection(SolutionConfigurationPlatforms) = preSolution
		Debug|Any CPU = Debug|Any CPU
		Release|Any CPU = Release|Any CPU
	EndGlobalSection
	GlobalSection(ProjectConfigurationPlatforms) = postSolution
		{90D0893B-BB8B-48C8-A0D7-E9F1833F9F19}.Debug|Any CPU.ActiveCfg = Debug|Any CPU
		{90D0893B-BB8B-48C8-A0D7-E9F1833F9F19}.Debug|Any CPU.Build.0 = Debug|Any CPU
		{90D0893B-BB8B-48C8-A0D7-E9F1833F9F19}.Release|Any CPU.ActiveCfg = Release|Any CPU
		{90D0893B-BB8B-48C8-A0D7-E9F1833F9F19}.Release|Any CPU.Build.0 = Release|Any CPU
	EndGlobalSection
	GlobalSection(SolutionProperties) = preSolution
		HideSolutionNode = FALSE
	EndGlobalSection
	GlobalSection(ExtensibilityGlobals) = postSolution
		SolutionGuid = {8CEA2E25-A473-40FA-AA28-BEB360A702F1}
	EndGlobalSection
EndGlobal
